{
  "version": "2",
  "remote": {
    "https://deno.land/std@0.166.0/fmt/colors.ts": "9e36a716611dcd2e4865adea9c4bec916b5c60caad4cdcdc630d4974e6bb8bd4",
    "https://deno.land/std@0.166.0/testing/_diff.ts": "a23e7fc2b4d8daa3e158fa06856bedf5334ce2a2831e8bf9e509717f455adb2c",
    "https://deno.land/std@0.166.0/testing/_format.ts": "cd11136e1797791045e639e9f0f4640d5b4166148796cad37e6ef75f7d7f3832",
    "https://deno.land/std@0.166.0/testing/_test_suite.ts": "2d07073d5460a4e3ec50c55ae822cd9bd136926d7363091379947fef9c73c3e4",
    "https://deno.land/std@0.166.0/testing/asserts.ts": "1e340c589853e82e0807629ba31a43c84ebdcdeca910c4a9705715dfdb0f5ce8",
    "https://deno.land/std@0.166.0/testing/bdd.ts": "35060cefd9cc21b414f4d89453b3551a3d52ec50aeff25db432503c5485b2f72",
    "https://deno.land/x/justaos_utils@1.3.0/common-utils/mod.ts": "ffa40e5103db15c03ae2918476e4157b5588c3b54d21bf691f57b63aafd976f1",
    "https://deno.land/x/justaos_utils@1.3.0/common-utils/src/CommonUtils.ts": "f685edb8becccf72e86f3369f5834c7519ba05674c302e09c206642362cda7d2",
    "https://deno.land/x/justaos_utils@1.3.0/date-utils/mod.ts": "ee823c28f2020b1f7ef01ad445e3247fe6c94acbcdd47371ab243d0153838999",
    "https://deno.land/x/justaos_utils@1.3.0/date-utils/src/DateUtils.ts": "6c62df2b13b370024afc3ef7444e0127c27fd0eddbb1e4369228300b8e16ac20",
    "https://deno.land/x/justaos_utils@1.3.0/logger-utils/mod.ts": "0d9a93dee503339f86ed555181d53d4131e93abdc6f5903586beee94a2534061",
    "https://deno.land/x/justaos_utils@1.3.0/logger-utils/src/Logger.ts": "30a38f19e32e324e05d9aa1c3a2294d9d4eca2a986faffbb5b310e3bb6db7ff5",
    "https://deno.land/x/justaos_utils@1.3.0/logger-utils/src/LoggerLevel.ts": "7233d3b6951ca2dc4c61987f1e2dd481507e9e99f747b77549ee3cbbe0d7e91d",
    "https://deno.land/x/justaos_utils@1.3.0/logger-utils/src/LoggerOptions.ts": "7dbfa2788d65a0c76b8caf0ae34e35e0a2020cb0d5b9a2ce888bffd13cdc0f0f",
    "https://rymbxfxhuz2ounj2witgbci2f6arhb3gnyiudl22cru23qr4kufq.arweave.net/jhgbluemdOo1OrImYIkaL4ETh2ZuEUGvWhRprcI8VQs/mod.ts": "3be41c02500642bd3559b8ba99a79aa3c95c97cef284f06533dda81aaab0f06c",
    "https://rymbxfxhuz2ounj2witgbci2f6arhb3gnyiudl22cru23qr4kufq.arweave.net/jhgbluemdOo1OrImYIkaL4ETh2ZuEUGvWhRprcI8VQs/src/Houston.ts": "583d1900276b18efb8526f5ab703dafadde74cfcbcb5a06202aa5470741851eb",
    "https://rymbxfxhuz2ounj2witgbci2f6arhb3gnyiudl22cru23qr4kufq.arweave.net/jhgbluemdOo1OrImYIkaL4ETh2ZuEUGvWhRprcI8VQs/src/lib/prefix/Prefix.ts": "657e1bbfba85ce1a713b42c92703561cded50cfc6ccff2c4f3aa4ba550c7e2ef",
    "https://rymbxfxhuz2ounj2witgbci2f6arhb3gnyiudl22cru23qr4kufq.arweave.net/jhgbluemdOo1OrImYIkaL4ETh2ZuEUGvWhRprcI8VQs/src/lib/prefix/prefixes/NoPrefix.ts": "054ee11154213fa2833bbd6e84af08d1850a8042430bc5daa94ddd00c5ef45d8",
    "https://rymbxfxhuz2ounj2witgbci2f6arhb3gnyiudl22cru23qr4kufq.arweave.net/jhgbluemdOo1OrImYIkaL4ETh2ZuEUGvWhRprcI8VQs/src/lib/prefix/prefixes/TextPrefix.ts": "fa932b73def230b5ec79f5fc4dd3a5a3e1c1c9cece93b4a0da9551d4f7a926cd",
    "https://rymbxfxhuz2ounj2witgbci2f6arhb3gnyiudl22cru23qr4kufq.arweave.net/jhgbluemdOo1OrImYIkaL4ETh2ZuEUGvWhRprcI8VQs/src/lib/prefix/prefixes/TimePrefix.ts": "4e33c4fa067ee4cf28b702566e68888e3d498a34a336cffbf6ca0dae1526d11c",
    "https://rymbxfxhuz2ounj2witgbci2f6arhb3gnyiudl22cru23qr4kufq.arweave.net/jhgbluemdOo1OrImYIkaL4ETh2ZuEUGvWhRprcI8VQs/src/lib/transport/Transport.ts": "4381b14cf06033eb72922658557343bef139142b27cbee9ffe3e74d00920424f",
    "https://rymbxfxhuz2ounj2witgbci2f6arhb3gnyiudl22cru23qr4kufq.arweave.net/jhgbluemdOo1OrImYIkaL4ETh2ZuEUGvWhRprcI8VQs/src/lib/transport/transports/ConsoleTransport.ts": "4ac797c08bfa0e4f94298a914591ec0329b166f4af0c5c016668a9143f8c5def",
    "https://rymbxfxhuz2ounj2witgbci2f6arhb3gnyiudl22cru23qr4kufq.arweave.net/jhgbluemdOo1OrImYIkaL4ETh2ZuEUGvWhRprcI8VQs/src/lib/transport/transports/FileTransport.ts": "2c3a1d98e11986076a7bd26a6b09fe4baba2c190948dd9ee9d130282a6e94177",
    "https://rymbxfxhuz2ounj2witgbci2f6arhb3gnyiudl22cru23qr4kufq.arweave.net/jhgbluemdOo1OrImYIkaL4ETh2ZuEUGvWhRprcI8VQs/src/types.ts": "be49f851e167689e306023c2e6f42fa7cd87f850a2ba67de0afddc60f329a914"
  },
  "npm": {
    "specifiers": {
      "mongodb@5.7.0": "mongodb@5.7.0"
    },
    "packages": {
      "@types/node@20.4.8": {
        "integrity": "sha512-0mHckf6D2DiIAzh8fM8f3HQCvMKDpK94YQ0DSVkfWTG9BZleYIWudw9cJxX8oCk9bM+vAkDyujDV6dmKHbvQpg==",
        "dependencies": {}
      },
      "@types/webidl-conversions@7.0.0": {
        "integrity": "sha512-xTE1E+YF4aWPJJeUzaZI5DRntlkY3+BCVJi0axFptnjGmAoWxkyREIh/XMrfxVLejwQxMCfDXdICo0VLxThrog==",
        "dependencies": {}
      },
      "@types/whatwg-url@8.2.2": {
        "integrity": "sha512-FtQu10RWgn3D9U4aazdwIE2yzphmTJREDqNdODHrbrZmmMqI0vMheC/6NE/J1Yveaj8H+ela+YwWTjq5PGmuhA==",
        "dependencies": {
          "@types/node": "@types/node@20.4.8",
          "@types/webidl-conversions": "@types/webidl-conversions@7.0.0"
        }
      },
      "bson@5.4.0": {
        "integrity": "sha512-WRZ5SQI5GfUuKnPTNmAYPiKIof3ORXAF4IRU5UcgmivNIon01rWQlw5RUH954dpu8yGL8T59YShVddIPaU/gFA==",
        "dependencies": {}
      },
      "ip@2.0.0": {
        "integrity": "sha512-WKa+XuLG1A1R0UWhl2+1XQSi+fZWMsYKffMZTTYsiZaUD8k2yDAj5atimTUD2TZkyCkNEeYE5NhFZmupOGtjYQ==",
        "dependencies": {}
      },
      "memory-pager@1.5.0": {
        "integrity": "sha512-ZS4Bp4r/Zoeq6+NLJpP+0Zzm0pR8whtGPf1XExKLJBAczGMnSi3It14OiNCStjQjM6NU1okjQGSxgEZN8eBYKg==",
        "dependencies": {}
      },
      "mongodb-connection-string-url@2.6.0": {
        "integrity": "sha512-WvTZlI9ab0QYtTYnuMLgobULWhokRjtC7db9LtcVfJ+Hsnyr5eo6ZtNAt3Ly24XZScGMelOcGtm7lSn0332tPQ==",
        "dependencies": {
          "@types/whatwg-url": "@types/whatwg-url@8.2.2",
          "whatwg-url": "whatwg-url@11.0.0"
        }
      },
      "mongodb@5.7.0": {
        "integrity": "sha512-zm82Bq33QbqtxDf58fLWBwTjARK3NSvKYjyz997KSy6hpat0prjeX/kxjbPVyZY60XYPDNETaHkHJI2UCzSLuw==",
        "dependencies": {
          "bson": "bson@5.4.0",
          "mongodb-connection-string-url": "mongodb-connection-string-url@2.6.0",
          "saslprep": "saslprep@1.0.3",
          "socks": "socks@2.7.1"
        }
      },
      "punycode@2.3.0": {
        "integrity": "sha512-rRV+zQD8tVFys26lAGR9WUuS4iUAngJScM+ZRSKtvl5tKeZ2t5bvdNFdNHBW9FWR4guGHlgmsZ1G7BSm2wTbuA==",
        "dependencies": {}
      },
      "saslprep@1.0.3": {
        "integrity": "sha512-/MY/PEMbk2SuY5sScONwhUDsV2p77Znkb/q3nSVstq/yQzYJOH/Azh29p9oJLsl3LnQwSvZDKagDGBsBwSooag==",
        "dependencies": {
          "sparse-bitfield": "sparse-bitfield@3.0.3"
        }
      },
      "smart-buffer@4.2.0": {
        "integrity": "sha512-94hK0Hh8rPqQl2xXc3HsaBoOXKV20MToPkcXvwbISWLEs+64sBq5kFgn2kJDHb1Pry9yrP0dxrCI9RRci7RXKg==",
        "dependencies": {}
      },
      "socks@2.7.1": {
        "integrity": "sha512-7maUZy1N7uo6+WVEX6psASxtNlKaNVMlGQKkG/63nEDdLOWNbiUMoLK7X4uYoLhQstau72mLgfEWcXcwsaHbYQ==",
        "dependencies": {
          "ip": "ip@2.0.0",
          "smart-buffer": "smart-buffer@4.2.0"
        }
      },
      "sparse-bitfield@3.0.3": {
        "integrity": "sha512-kvzhi7vqKTfkh0PZU+2D2PIllw2ymqJKujUcyPMd9Y75Nv4nPbGJZXNhxsgdQab2BmlDct1YnfQCguEvHr7VsQ==",
        "dependencies": {
          "memory-pager": "memory-pager@1.5.0"
        }
      },
      "tr46@3.0.0": {
        "integrity": "sha512-l7FvfAHlcmulp8kr+flpQZmVwtu7nfRV7NZujtN0OqES8EL4O4e0qqzL0DC5gAvx/ZC/9lk6rhcUwYvkBnBnYA==",
        "dependencies": {
          "punycode": "punycode@2.3.0"
        }
      },
      "webidl-conversions@7.0.0": {
        "integrity": "sha512-VwddBukDzu71offAQR975unBIGqfKZpM+8ZX6ySk8nYhVoo5CYaZyzt3YBvYtRtO+aoGlqxPg/B87NGVZ/fu6g==",
        "dependencies": {}
      },
      "whatwg-url@11.0.0": {
        "integrity": "sha512-RKT8HExMpoYx4igMiVMY83lN6UeITKJlBQ+vR/8ZJ8OCdSiN3RwCq+9gH0+Xzj0+5IrM6i4j/6LuvzbZIQgEcQ==",
        "dependencies": {
          "tr46": "tr46@3.0.0",
          "webidl-conversions": "webidl-conversions@7.0.0"
        }
      }
    }
  }
}
