{
  "name": "@justaos/odm",
  "version": "4.4.1",
  "lockfileVersion": 2,
  "requires": true,
  "packages": {
    "": {
      "name": "@justaos/odm",
      "dependencies": {
        "pg-escape": "^0.2.0"
      }
    },
    "node_modules/pg-escape": {
      "version": "0.2.0",
      "resolved": "https://registry.npmjs.org/pg-escape/-/pg-escape-0.2.0.tgz",
      "integrity": "sha512-QfXcpxyN9vT+kvexQpTeNyiwCxs4LPXLAV/C0EeLTJPCF61swhGdDlnHcuDgxJudgKGfQYiCkegg0GsSKSvvEg=="
    }
  },
  "dependencies": {
    "pg-escape": {
      "version": "0.2.0",
      "resolved": "https://registry.npmjs.org/pg-escape/-/pg-escape-0.2.0.tgz",
      "integrity": "sha512-QfXcpxyN9vT+kvexQpTeNyiwCxs4LPXLAV/C0EeLTJPCF61swhGdDlnHcuDgxJudgKGfQYiCkegg0GsSKSvvEg=="
    }
  }
}
